
Microsoft Visual Studio Solution File, Format Version 12.00
# Visual Studio Version 17
VisualStudioVersion = 17.14.36623.8 d17.14
MinimumVisualStudioVersion = 10.0.40219.1
Project("{FAE04EC0-301F-11D3-BF4B-00C04F79EFBC}") = "Debugging", "Debugging.csproj", "{104BE015-DC0E-4695-8603-8C623C0E5BC7}"
EndProject
Project("{FAE04EC0-301F-11D3-BF4B-00C04F79EFBC}") = "ShapesTest", "..\ShapesTest\ShapesTest.csproj", "{05CAD6E5-E49D-7517-4F05-EE2E47E8E080}"
EndProject
Global
	GlobalSection(SolutionConfigurationPlatforms) = preSolution
		Debug|Any CPU = Debug|Any CPU
		Release|Any CPU = Release|Any CPU
	EndGlobalSection
	GlobalSection(ProjectConfigurationPlatforms) = postSolution
		{104BE015-DC0E-4695-8603-8C623C0E5BC7}.Debug|Any CPU.ActiveCfg = Debug|Any CPU
		{104BE015-DC0E-4695-8603-8C623C0E5BC7}.Debug|Any CPU.Build.0 = Debug|Any CPU
		{104BE015-DC0E-4695-8603-8C623C0E5BC7}.Release|Any CPU.ActiveCfg = Release|Any CPU
		{104BE015-DC0E-4695-8603-8C623C0E5BC7}.Release|Any CPU.Build.0 = Release|Any CPU
		{05CAD6E5-E49D-7517-4F05-EE2E47E8E080}.Debug|Any CPU.ActiveCfg = Debug|Any CPU
		{05CAD6E5-E49D-7517-4F05-EE2E47E8E080}.Debug|Any CPU.Build.0 = Debug|Any CPU
		{05CAD6E5-E49D-7517-4F05-EE2E47E8E080}.Release|Any CPU.ActiveCfg = Release|Any CPU
		{05CAD6E5-E49D-7517-4F05-EE2E47E8E080}.Release|Any CPU.Build.0 = Release|Any CPU
	EndGlobalSection
	GlobalSection(SolutionProperties) = preSolution
		HideSolutionNode = FALSE
	EndGlobalSection
	GlobalSection(ExtensibilityGlobals) = postSolution
		SolutionGuid = {00E0843C-BF32-495C-8831-61804EB55793}
	EndGlobalSection
	GlobalSection(TextTemplating) = postSolution
		TextTemplating = 1
	EndGlobalSection
EndGlobal
